
Microsoft Visual Studio Solution File, Format Version 12.00
# Visual Studio Version 17
VisualStudioVersion = 17.0.31611.283
MinimumVisualStudioVersion = 10.0.40219.1
Project("{9A19103F-16F7-4668-BE54-9A1E7A4F7556}") = "NFCombat2", "NFCombat2\NFCombat2.csproj", "{8E1662D2-DE7E-49BE-9B0A-346C471A8475}"
EndProject
Project("{9A19103F-16F7-4668-BE54-9A1E7A4F7556}") = "NFCombat2.Models", "NFCombat2.Core\NFCombat2.Models.csproj", "{5571DF0D-2FEE-4940-AFC6-BCA89E920CE6}"
EndProject
Project("{9A19103F-16F7-4668-BE54-9A1E7A4F7556}") = "NFCombat2.Services", "NFCombat2.Services\NFCombat2.Services.csproj", "{1D4866F6-FF60-4DE9-9039-697F84DD3BD8}"
EndProject
Project("{9A19103F-16F7-4668-BE54-9A1E7A4F7556}") = "NFCombat2.Common", "NFCombat2.Common\NFCombat2.Common.csproj", "{429F5AFB-732F-48D6-B5E5-1DED3F884F45}"
EndProject
Project("{9A19103F-16F7-4668-BE54-9A1E7A4F7556}") = "NFCombat2.Data", "NFCombat2.Data\NFCombat2.Data.csproj", "{1752CB67-8D5A-4EF0-AAA1-748E7DFB70E8}"
EndProject
Project("{FAE04EC0-301F-11D3-BF4B-00C04F79EFBC}") = "NFCombat2.Contracts", "NFCombat2.Contracts\NFCombat2.Contracts.csproj", "{7A1EB740-5574-4C39-BABA-E05078D0DFDD}"
EndProject
Global
	GlobalSection(SolutionConfigurationPlatforms) = preSolution
		Debug|Any CPU = Debug|Any CPU
		Release|Any CPU = Release|Any CPU
	EndGlobalSection
	GlobalSection(ProjectConfigurationPlatforms) = postSolution
		{8E1662D2-DE7E-49BE-9B0A-346C471A8475}.Debug|Any CPU.ActiveCfg = Debug|Any CPU
		{8E1662D2-DE7E-49BE-9B0A-346C471A8475}.Debug|Any CPU.Build.0 = Debug|Any CPU
		{8E1662D2-DE7E-49BE-9B0A-346C471A8475}.Debug|Any CPU.Deploy.0 = Debug|Any CPU
		{8E1662D2-DE7E-49BE-9B0A-346C471A8475}.Release|Any CPU.ActiveCfg = Release|Any CPU
		{8E1662D2-DE7E-49BE-9B0A-346C471A8475}.Release|Any CPU.Build.0 = Release|Any CPU
		{8E1662D2-DE7E-49BE-9B0A-346C471A8475}.Release|Any CPU.Deploy.0 = Release|Any CPU
		{5571DF0D-2FEE-4940-AFC6-BCA89E920CE6}.Debug|Any CPU.ActiveCfg = Debug|Any CPU
		{5571DF0D-2FEE-4940-AFC6-BCA89E920CE6}.Debug|Any CPU.Build.0 = Debug|Any CPU
		{5571DF0D-2FEE-4940-AFC6-BCA89E920CE6}.Release|Any CPU.ActiveCfg = Release|Any CPU
		{5571DF0D-2FEE-4940-AFC6-BCA89E920CE6}.Release|Any CPU.Build.0 = Release|Any CPU
		{1D4866F6-FF60-4DE9-9039-697F84DD3BD8}.Debug|Any CPU.ActiveCfg = Debug|Any CPU
		{1D4866F6-FF60-4DE9-9039-697F84DD3BD8}.Debug|Any CPU.Build.0 = Debug|Any CPU
		{1D4866F6-FF60-4DE9-9039-697F84DD3BD8}.Release|Any CPU.ActiveCfg = Release|Any CPU
		{1D4866F6-FF60-4DE9-9039-697F84DD3BD8}.Release|Any CPU.Build.0 = Release|Any CPU
		{429F5AFB-732F-48D6-B5E5-1DED3F884F45}.Debug|Any CPU.ActiveCfg = Debug|Any CPU
		{429F5AFB-732F-48D6-B5E5-1DED3F884F45}.Debug|Any CPU.Build.0 = Debug|Any CPU
		{429F5AFB-732F-48D6-B5E5-1DED3F884F45}.Release|Any CPU.ActiveCfg = Release|Any CPU
		{429F5AFB-732F-48D6-B5E5-1DED3F884F45}.Release|Any CPU.Build.0 = Release|Any CPU
		{1752CB67-8D5A-4EF0-AAA1-748E7DFB70E8}.Debug|Any CPU.ActiveCfg = Debug|Any CPU
		{1752CB67-8D5A-4EF0-AAA1-748E7DFB70E8}.Debug|Any CPU.Build.0 = Debug|Any CPU
		{1752CB67-8D5A-4EF0-AAA1-748E7DFB70E8}.Release|Any CPU.ActiveCfg = Release|Any CPU
		{1752CB67-8D5A-4EF0-AAA1-748E7DFB70E8}.Release|Any CPU.Build.0 = Release|Any CPU
		{7A1EB740-5574-4C39-BABA-E05078D0DFDD}.Debug|Any CPU.ActiveCfg = Debug|Any CPU
		{7A1EB740-5574-4C39-BABA-E05078D0DFDD}.Debug|Any CPU.Build.0 = Debug|Any CPU
		{7A1EB740-5574-4C39-BABA-E05078D0DFDD}.Release|Any CPU.ActiveCfg = Release|Any CPU
		{7A1EB740-5574-4C39-BABA-E05078D0DFDD}.Release|Any CPU.Build.0 = Release|Any CPU
	EndGlobalSection
	GlobalSection(SolutionProperties) = preSolution
		HideSolutionNode = FALSE
	EndGlobalSection
	GlobalSection(ExtensibilityGlobals) = postSolution
		SolutionGuid = {61F7FB11-1E47-470C-91E2-47F8143E1572}
	EndGlobalSection
EndGlobal
